// !$*UTF8*$!
{
	archiveVersion = 1;
	classes = {
	};
	objectVersion = 50;
	objects = {

/* Begin PBXBuildFile section */
		47D9BF4225FBBD3C0011CB69 /* AppDelegate.swift in Sources */ = {isa = PBXBuildFile; fileRef = 47D9BF4125FBBD3C0011CB69 /* AppDelegate.swift */; };
		47D9BF4425FBBD3C0011CB69 /* SceneDelegate.swift in Sources */ = {isa = PBXBuildFile; fileRef = 47D9BF4325FBBD3C0011CB69 /* SceneDelegate.swift */; };
		47D9BF4B25FBBD3D0011CB69 /* Assets.xcassets in Resources */ = {isa = PBXBuildFile; fileRef = 47D9BF4A25FBBD3D0011CB69 /* Assets.xcassets */; };
		47D9BF4E25FBBD3D0011CB69 /* LaunchScreen.storyboard in Resources */ = {isa = PBXBuildFile; fileRef = 47D9BF4C25FBBD3D0011CB69 /* LaunchScreen.storyboard */; };
/* End PBXBuildFile section */

/* Begin PBXFileReference section */
		47D9BF3E25FBBD3C0011CB69 /* No Ls Driving School.app */ = {isa = PBXFileReference; explicitFileType = wrapper.application; includeInIndex = 0; path = "No Ls Driving School.app"; sourceTree = BUILT_PRODUCTS_DIR; };
		47D9BF4125FBBD3C0011CB69 /* AppDelegate.swift */ = {isa = PBXFileReference; lastKnownFileType = sourcecode.swift; path = AppDelegate.swift; sourceTree = "<group>"; };
		47D9BF4325FBBD3C0011CB69 /* SceneDelegate.swift */ = {isa = PBXFileReference; lastKnownFileType = sourcecode.swift; path = SceneDelegate.swift; sourceTree = "<group>"; };
		47D9BF4A25FBBD3D0011CB69 /* Assets.xcassets */ = {isa = PBXFileReference; lastKnownFileType = folder.assetcatalog; path = Assets.xcassets; sourceTree = "<group>"; };
		47D9BF4D25FBBD3D0011CB69 /* Base */ = {isa = PBXFileReference; lastKnownFileType = file.storyboard; name = Base; path = Base.lproj/LaunchScreen.storyboard; sourceTree = "<group>"; };
		47D9BF4F25FBBD3D0011CB69 /* Info.plist */ = {isa = PBXFileReference; lastKnownFileType = text.plist.xml; path = Info.plist; sourceTree = "<group>"; };
/* End PBXFileReference section */

/* Begin PBXFrameworksBuildPhase section */
		47D9BF3B25FBBD3C0011CB69 /* Frameworks */ = {
			isa = PBXFrameworksBuildPhase;
			buildActionMask = 2147483647;
			files = (
			);
			runOnlyForDeploymentPostprocessing = 0;
		};
/* End PBXFrameworksBuildPhase section */

/* Begin PBXGroup section */
		47D9BF3525FBBD3C0011CB69 = {
			isa = PBXGroup;
			children = (
				47D9BF4025FBBD3C0011CB69 /* No Ls Driving School */,
				47D9BF3F25FBBD3C0011CB69 /* Products */,
			);
			sourceTree = "<group>";
		};
		47D9BF3F25FBBD3C0011CB69 /* Products */ = {
			isa = PBXGroup;
			children = (
				47D9BF3E25FBBD3C0011CB69 /* No Ls Driving School.app */,
			);
			name = Products;
			sourceTree = "<group>";
		};
		47D9BF4025FBBD3C0011CB69 /* No Ls Driving School */ = {
			isa = PBXGroup;
			children = (
				47D9BF7025FBBFA90011CB69 /* Model */,
				47D9BF7125FBBFB20011CB69 /* Custom Views */,
				47D9BF7225FBBFC20011CB69 /* Scenes */,
				47D9BF7325FBBFCB0011CB69 /* Extensions */,
				47D9BF6E25FBBF400011CB69 /* Support Files */,
			);
			path = "No Ls Driving School";
			sourceTree = "<group>";
		};
		47D9BF6E25FBBF400011CB69 /* Support Files */ = {
			isa = PBXGroup;
			children = (
				47D9BF4125FBBD3C0011CB69 /* AppDelegate.swift */,
				47D9BF4325FBBD3C0011CB69 /* SceneDelegate.swift */,
				47D9BF4A25FBBD3D0011CB69 /* Assets.xcassets */,
				47D9BF4C25FBBD3D0011CB69 /* LaunchScreen.storyboard */,
				47D9BF4F25FBBD3D0011CB69 /* Info.plist */,
			);
			name = "Support Files";
			sourceTree = "<group>";
		};
		47D9BF7025FBBFA90011CB69 /* Model */ = {
			isa = PBXGroup;
			children = (
			);
			name = Model;
			sourceTree = "<group>";
		};
		47D9BF7125FBBFB20011CB69 /* Custom Views */ = {
			isa = PBXGroup;
			children = (
			);
			name = "Custom Views";
			sourceTree = "<group>";
		};
		47D9BF7225FBBFC20011CB69 /* Scenes */ = {
			isa = PBXGroup;
			children = (
			);
			name = Scenes;
			sourceTree = "<group>";
		};
		47D9BF7325FBBFCB0011CB69 /* Extensions */ = {
			isa = PBXGroup;
			children = (
			);
			name = Extensions;
			sourceTree = "<group>";
		};
/* End PBXGroup section */

/* Begin PBXNativeTarget section */
		47D9BF3D25FBBD3C0011CB69 /* No Ls Driving School */ = {
			isa = PBXNativeTarget;
			buildConfigurationList = 47D9BF5225FBBD3D0011CB69 /* Build configuration list for PBXNativeTarget "No Ls Driving School" */;
			buildPhases = (
				47D9BF3A25FBBD3C0011CB69 /* Sources */,
				47D9BF3B25FBBD3C0011CB69 /* Frameworks */,
				47D9BF3C25FBBD3C0011CB69 /* Resources */,
			);
			buildRules = (
			);
			dependencies = (
			);
			name = "No Ls Driving School";
			productName = "No Ls Driving School";
			productReference = 47D9BF3E25FBBD3C0011CB69 /* No Ls Driving School.app */;
			productType = "com.apple.product-type.application";
		};
/* End PBXNativeTarget section */

/* Begin PBXProject section */
		47D9BF3625FBBD3C0011CB69 /* Project object */ = {
			isa = PBXProject;
			attributes = {
				LastSwiftUpdateCheck = 1230;
				LastUpgradeCheck = 1230;
				TargetAttributes = {
					47D9BF3D25FBBD3C0011CB69 = {
						CreatedOnToolsVersion = 12.3;
					};
				};
			};
			buildConfigurationList = 47D9BF3925FBBD3C0011CB69 /* Build configuration list for PBXProject "No Ls Driving School" */;
			compatibilityVersion = "Xcode 9.3";
			developmentRegion = en;
			hasScannedForEncodings = 0;
			knownRegions = (
				en,
				Base,
			);
			mainGroup = 47D9BF3525FBBD3C0011CB69;
			productRefGroup = 47D9BF3F25FBBD3C0011CB69 /* Products */;
			projectDirPath = "";
			projectRoot = "";
			targets = (
				47D9BF3D25FBBD3C0011CB69 /* No Ls Driving School */,
			);
		};
/* End PBXProject section */

/* Begin PBXResourcesBuildPhase section */
		47D9BF3C25FBBD3C0011CB69 /* Resources */ = {
			isa = PBXResourcesBuildPhase;
			buildActionMask = 2147483647;
			files = (
				47D9BF4E25FBBD3D0011CB69 /* LaunchScreen.storyboard in Resources */,
				47D9BF4B25FBBD3D0011CB69 /* Assets.xcassets in Resources */,
			);
			runOnlyForDeploymentPostprocessing = 0;
		};
/* End PBXResourcesBuildPhase section */

/* Begin PBXSourcesBuildPhase section */
		47D9BF3A25FBBD3C0011CB69 /* Sources */ = {
			isa = PBXSourcesBuildPhase;
			buildActionMask = 2147483647;
			files = (
				47D9BF4225FBBD3C0011CB69 /* AppDelegate.swift in Sources */,
				47D9BF4425FBBD3C0011CB69 /* SceneDelegate.swift in Sources */,
			);
			runOnlyForDeploymentPostprocessing = 0;
		};
/* End PBXSourcesBuildPhase section */

/* Begin PBXVariantGroup section */
		47D9BF4C25FBBD3D0011CB69 /* LaunchScreen.storyboard */ = {
			isa = PBXVariantGroup;
			children = (
				47D9BF4D25FBBD3D0011CB69 /* Base */,
			);
			name = LaunchScreen.storyboard;
			sourceTree = "<group>";
		};
/* End PBXVariantGroup section */

/* Begin XCBuildConfiguration section */
		47D9BF5025FBBD3D0011CB69 /* Debug */ = {
			isa = XCBuildConfiguration;
			buildSettings = {
				ALWAYS_SEARCH_USER_PATHS = NO;
				CLANG_ANALYZER_NONNULL = YES;
				CLANG_ANALYZER_NUMBER_OBJECT_CONVERSION = YES_AGGRESSIVE;
				CLANG_CXX_LANGUAGE_STANDARD = "gnu++14";
				CLANG_CXX_LIBRARY = "libc++";
				CLANG_ENABLE_MODULES = YES;
				CLANG_ENABLE_OBJC_ARC = YES;
				CLANG_ENABLE_OBJC_WEAK = YES;
				CLANG_WARN_BLOCK_CAPTURE_AUTORELEASING = YES;
				CLANG_WARN_BOOL_CONVERSION = YES;
				CLANG_WARN_COMMA = YES;
				CLANG_WARN_CONSTANT_CONVERSION = YES;
				CLANG_WARN_DEPRECATED_OBJC_IMPLEMENTATIONS = YES;
				CLANG_WARN_DIRECT_OBJC_ISA_USAGE = YES_ERROR;
				CLANG_WARN_DOCUMENTATION_COMMENTS = YES;
				CLANG_WARN_EMPTY_BODY = YES;
				CLANG_WARN_ENUM_CONVERSION = YES;
				CLANG_WARN_INFINITE_RECURSION = YES;
				CLANG_WARN_INT_CONVERSION = YES;
				CLANG_WARN_NON_LITERAL_NULL_CONVERSION = YES;
				CLANG_WARN_OBJC_IMPLICIT_RETAIN_SELF = YES;
				CLANG_WARN_OBJC_LITERAL_CONVERSION = YES;
				CLANG_WARN_OBJC_ROOT_CLASS = YES_ERROR;
				CLANG_WARN_QUOTED_INCLUDE_IN_FRAMEWORK_HEADER = YES;
				CLANG_WARN_RANGE_LOOP_ANALYSIS = YES;
				CLANG_WARN_STRICT_PROTOTYPES = YES;
				CLANG_WARN_SUSPICIOUS_MOVE = YES;
				CLANG_WARN_UNGUARDED_AVAILABILITY = YES_AGGRESSIVE;
				CLANG_WARN_UNREACHABLE_CODE = YES;
				CLANG_WARN__DUPLICATE_METHOD_MATCH = YES;
				COPY_PHASE_STRIP = NO;
				DEBUG_INFORMATION_FORMAT = dwarf;
				ENABLE_STRICT_OBJC_MSGSEND = YES;
				ENABLE_TESTABILITY = YES;
				GCC_C_LANGUAGE_STANDARD = gnu11;
				GCC_DYNAMIC_NO_PIC = NO;
				GCC_NO_COMMON_BLOCKS = YES;
				GCC_OPTIMIZATION_LEVEL = 0;
				GCC_PREPROCESSOR_DEFINITIONS = (
					"DEBUG=1",
					"$(inherited)",
				);
				GCC_WARN_64_TO_32_BIT_CONVERSION = YES;
				GCC_WARN_ABOUT_RETURN_TYPE = YES_ERROR;
				GCC_WARN_UNDECLARED_SELECTOR = YES;
				GCC_WARN_UNINITIALIZED_AUTOS = YES_AGGRESSIVE;
				GCC_WARN_UNUSED_FUNCTION = YES;
				GCC_WARN_UNUSED_VARIABLE = YES;
				IPHONEOS_DEPLOYMENT_TARGET = 14.3;
				MTL_ENABLE_DEBUG_INFO = INCLUDE_SOURCE;
				MTL_FAST_MATH = YES;
				ONLY_ACTIVE_ARCH = YES;
				SDKROOT = iphoneos;
				SWIFT_ACTIVE_COMPILATION_CONDITIONS = DEBUG;
				SWIFT_OPTIMIZATION_LEVEL = "-Onone";
			};
			name = Debug;
		};
		47D9BF5125FBBD3D0011CB69 /* Release */ = {
			isa = XCBuildConfiguration;
			buildSettings = {
				ALWAYS_SEARCH_USER_PATHS = NO;
				CLANG_ANALYZER_NONNULL = YES;
				CLANG_ANALYZER_NUMBER_OBJECT_CONVERSION = YES_AGGRESSIVE;
				CLANG_CXX_LANGUAGE_STANDARD = "gnu++14";
				CLANG_CXX_LIBRARY = "libc++";
				CLANG_ENABLE_MODULES = YES;
				CLANG_ENABLE_OBJC_ARC = YES;
				CLANG_ENABLE_OBJC_WEAK = YES;
				CLANG_WARN_BLOCK_CAPTURE_AUTORELEASING = YES;
				CLANG_WARN_BOOL_CONVERSION = YES;
				CLANG_WARN_COMMA = YES;
				CLANG_WARN_CONSTANT_CONVERSION = YES;
				CLANG_WARN_DEPRECATED_OBJC_IMPLEMENTATIONS = YES;
				CLANG_WARN_DIRECT_OBJC_ISA_USAGE = YES_ERROR;
				CLANG_WARN_DOCUMENTATION_COMMENTS = YES;
				CLANG_WARN_EMPTY_BODY = YES;
				CLANG_WARN_ENUM_CONVERSION = YES;
				CLANG_WARN_INFINITE_RECURSION = YES;
				CLANG_WARN_INT_CONVERSION = YES;
				CLANG_WARN_NON_LITERAL_NULL_CONVERSION = YES;
				CLANG_WARN_OBJC_IMPLICIT_RETAIN_SELF = YES;
				CLANG_WARN_OBJC_LITERAL_CONVERSION = YES;
				CLANG_WARN_OBJC_ROOT_CLASS = YES_ERROR;
				CLANG_WARN_QUOTED_INCLUDE_IN_FRAMEWORK_HEADER = YES;
				CLANG_WARN_RANGE_LOOP_ANALYSIS = YES;
				CLANG_WARN_STRICT_PROTOTYPES = YES;
				CLANG_WARN_SUSPICIOUS_MOVE = YES;
				CLANG_WARN_UNGUARDED_AVAILABILITY = YES_AGGRESSIVE;
				CLANG_WARN_UNREACHABLE_CODE = YES;
				CLANG_WARN__DUPLICATE_METHOD_MATCH = YES;
				COPY_PHASE_STRIP = NO;
				DEBUG_INFORMATION_FORMAT = "dwarf-with-dsym";
				ENABLE_NS_ASSERTIONS = NO;
				ENABLE_STRICT_OBJC_MSGSEND = YES;
				GCC_C_LANGUAGE_STANDARD = gnu11;
				GCC_NO_COMMON_BLOCKS = YES;
				GCC_WARN_64_TO_32_BIT_CONVERSION = YES;
				GCC_WARN_ABOUT_RETURN_TYPE = YES_ERROR;
				GCC_WARN_UNDECLARED_SELECTOR = YES;
				GCC_WARN_UNINITIALIZED_AUTOS = YES_AGGRESSIVE;
				GCC_WARN_UNUSED_FUNCTION = YES;
				GCC_WARN_UNUSED_VARIABLE = YES;
				IPHONEOS_DEPLOYMENT_TARGET = 14.3;
				MTL_ENABLE_DEBUG_INFO = NO;
				MTL_FAST_MATH = YES;
				SDKROOT = iphoneos;
				SWIFT_COMPILATION_MODE = wholemodule;
				SWIFT_OPTIMIZATION_LEVEL = "-O";
				VALIDATE_PRODUCT = YES;
			};
			name = Release;
		};
		47D9BF5325FBBD3D0011CB69 /* Debug */ = {
			isa = XCBuildConfiguration;
			buildSettings = {
				ASSETCATALOG_COMPILER_APPICON_NAME = AppIcon;
				ASSETCATALOG_COMPILER_GLOBAL_ACCENT_COLOR_NAME = AccentColor;
				CODE_SIGN_STYLE = Automatic;
				DEVELOPMENT_TEAM = 7BXSU3YQGA;
				INFOPLIST_FILE = "No Ls Driving School/Info.plist";
				LD_RUNPATH_SEARCH_PATHS = (
					"$(inherited)",
					"@executable_path/Frameworks",
				);
				PRODUCT_BUNDLE_IDENTIFIER = "com.castleCode.No-Ls-Driving-School";
				PRODUCT_NAME = "$(TARGET_NAME)";
				SWIFT_VERSION = 5.0;
				TARGETED_DEVICE_FAMILY = 1;
			};
			name = Debug;
		};
		47D9BF5425FBBD3D0011CB69 /* Release */ = {
			isa = XCBuildConfiguration;
			buildSettings = {
				ASSETCATALOG_COMPILER_APPICON_NAME = AppIcon;
				ASSETCATALOG_COMPILER_GLOBAL_ACCENT_COLOR_NAME = AccentColor;
				CODE_SIGN_STYLE = Automatic;
				DEVELOPMENT_TEAM = 7BXSU3YQGA;
				INFOPLIST_FILE = "No Ls Driving School/Info.plist";
				LD_RUNPATH_SEARCH_PATHS = (
					"$(inherited)",
					"@executable_path/Frameworks",
				);
				PRODUCT_BUNDLE_IDENTIFIER = "com.castleCode.No-Ls-Driving-School";
				PRODUCT_NAME = "$(TARGET_NAME)";
				SWIFT_VERSION = 5.0;
				TARGETED_DEVICE_FAMILY = 1;
			};
			name = Release;
		};
/* End XCBuildConfiguration section */

/* Begin XCConfigurationList section */
		47D9BF3925FBBD3C0011CB69 /* Build configuration list for PBXProject "No Ls Driving School" */ = {
			isa = XCConfigurationList;
			buildConfigurations = (
				47D9BF5025FBBD3D0011CB69 /* Debug */,
				47D9BF5125FBBD3D0011CB69 /* Release */,
			);
			defaultConfigurationIsVisible = 0;
			defaultConfigurationName = Release;
		};
		47D9BF5225FBBD3D0011CB69 /* Build configuration list for PBXNativeTarget "No Ls Driving School" */ = {
			isa = XCConfigurationList;
			buildConfigurations = (
				47D9BF5325FBBD3D0011CB69 /* Debug */,
				47D9BF5425FBBD3D0011CB69 /* Release */,
			);
			defaultConfigurationIsVisible = 0;
			defaultConfigurationName = Release;
		};
/* End XCConfigurationList section */
	};
	rootObject = 47D9BF3625FBBD3C0011CB69 /* Project object */;
}
