// !$*UTF8*$!
{
	archiveVersion = 1;
	classes = {
	};
	objectVersion = 50;
	objects = {

/* Begin PBXBuildFile section */
		479209A025FDC9BA00E45E6E /* UIColor+Ext.swift in Sources */ = {isa = PBXBuildFile; fileRef = 4792099F25FDC9BA00E45E6E /* UIColor+Ext.swift */; };
		479209A425FDCABA00E45E6E /* LSLabel.swift in Sources */ = {isa = PBXBuildFile; fileRef = 479209A325FDCABA00E45E6E /* LSLabel.swift */; };
		479209A925FDD35A00E45E6E /* UIViewController+Ext.swift in Sources */ = {isa = PBXBuildFile; fileRef = 479209A825FDD35A00E45E6E /* UIViewController+Ext.swift */; };
		479209AD25FDD97600E45E6E /* VideosVC.swift in Sources */ = {isa = PBXBuildFile; fileRef = 479209AC25FDD97600E45E6E /* VideosVC.swift */; };
		479209B225FDDB8000E45E6E /* VideosVM.swift in Sources */ = {isa = PBXBuildFile; fileRef = 479209B125FDDB8000E45E6E /* VideosVM.swift */; };
		479209B625FDDBE600E45E6E /* YoutubeLink.swift in Sources */ = {isa = PBXBuildFile; fileRef = 479209B525FDDBE600E45E6E /* YoutubeLink.swift */; };
		479209BA25FDE23800E45E6E /* VideoTableViewCell.swift in Sources */ = {isa = PBXBuildFile; fileRef = 479209B925FDE23800E45E6E /* VideoTableViewCell.swift */; };
		479209BE25FDE2FA00E45E6E /* LSTitleLabel.swift in Sources */ = {isa = PBXBuildFile; fileRef = 479209BD25FDE2FA00E45E6E /* LSTitleLabel.swift */; };
		479209C225FDF26900E45E6E /* TestBookingsVC.swift in Sources */ = {isa = PBXBuildFile; fileRef = 479209C125FDF26900E45E6E /* TestBookingsVC.swift */; };
		479209C625FDF44400E45E6E /* TestBookingsVM.swift in Sources */ = {isa = PBXBuildFile; fileRef = 479209C525FDF44400E45E6E /* TestBookingsVM.swift */; };
		479209C925FDF48E00E45E6E /* WebPage.swift in Sources */ = {isa = PBXBuildFile; fileRef = 479209C825FDF48E00E45E6E /* WebPage.swift */; };
		479209CD25FE229F00E45E6E /* ShowTellVC.swift in Sources */ = {isa = PBXBuildFile; fileRef = 479209CC25FE229F00E45E6E /* ShowTellVC.swift */; };
		479209E925FE3CCD00E45E6E /* HeaderView.swift in Sources */ = {isa = PBXBuildFile; fileRef = 479209E825FE3CCD00E45E6E /* HeaderView.swift */; };
		479209ED25FE5C0600E45E6E /* ShowTellVM.swift in Sources */ = {isa = PBXBuildFile; fileRef = 479209EC25FE5C0600E45E6E /* ShowTellVM.swift */; };
		479209F025FE616200E45E6E /* TellMeQuiz.swift in Sources */ = {isa = PBXBuildFile; fileRef = 479209EF25FE616200E45E6E /* TellMeQuiz.swift */; };
		479209F325FE635500E45E6E /* QuizTableViewCell.swift in Sources */ = {isa = PBXBuildFile; fileRef = 479209F225FE635500E45E6E /* QuizTableViewCell.swift */; };
		47D9BF4225FBBD3C0011CB69 /* AppDelegate.swift in Sources */ = {isa = PBXBuildFile; fileRef = 47D9BF4125FBBD3C0011CB69 /* AppDelegate.swift */; };
		47D9BF4425FBBD3C0011CB69 /* SceneDelegate.swift in Sources */ = {isa = PBXBuildFile; fileRef = 47D9BF4325FBBD3C0011CB69 /* SceneDelegate.swift */; };
		47D9BF4B25FBBD3D0011CB69 /* Assets.xcassets in Resources */ = {isa = PBXBuildFile; fileRef = 47D9BF4A25FBBD3D0011CB69 /* Assets.xcassets */; };
		47D9BF4E25FBBD3D0011CB69 /* LaunchScreen.storyboard in Resources */ = {isa = PBXBuildFile; fileRef = 47D9BF4C25FBBD3D0011CB69 /* LaunchScreen.storyboard */; };
		47D9BF7725FBC0620011CB69 /* LSTabBar.swift in Sources */ = {isa = PBXBuildFile; fileRef = 47D9BF7625FBC0620011CB69 /* LSTabBar.swift */; };
		47D9BF7D25FBC0E80011CB69 /* HomeVC.swift in Sources */ = {isa = PBXBuildFile; fileRef = 47D9BF7C25FBC0E80011CB69 /* HomeVC.swift */; };
		47D9BF8125FBC1020011CB69 /* ReviewsVC.swift in Sources */ = {isa = PBXBuildFile; fileRef = 47D9BF8025FBC1020011CB69 /* ReviewsVC.swift */; };
		47D9BF8425FBC11B0011CB69 /* ContactsVC.swift in Sources */ = {isa = PBXBuildFile; fileRef = 47D9BF8325FBC11B0011CB69 /* ContactsVC.swift */; };
		47D9BF8825FBC3940011CB69 /* Constants.swift in Sources */ = {isa = PBXBuildFile; fileRef = 47D9BF8725FBC3940011CB69 /* Constants.swift */; };
		47D9BF8D25FBC7040011CB69 /* UIView+Ext.swift in Sources */ = {isa = PBXBuildFile; fileRef = 47D9BF8C25FBC7040011CB69 /* UIView+Ext.swift */; };
		47D9BF9125FBC95A0011CB69 /* LSImageView.swift in Sources */ = {isa = PBXBuildFile; fileRef = 47D9BF9025FBC95A0011CB69 /* LSImageView.swift */; };
		47D9BF9625FBCC450011CB69 /* LSButton.swift in Sources */ = {isa = PBXBuildFile; fileRef = 47D9BF9525FBCC450011CB69 /* LSButton.swift */; };
		47D9BF9E25FBD3AF0011CB69 /* TheoryVC.swift in Sources */ = {isa = PBXBuildFile; fileRef = 47D9BF9D25FBD3AF0011CB69 /* TheoryVC.swift */; };
/* End PBXBuildFile section */

/* Begin PBXFileReference section */
		4792099F25FDC9BA00E45E6E /* UIColor+Ext.swift */ = {isa = PBXFileReference; lastKnownFileType = sourcecode.swift; path = "UIColor+Ext.swift"; sourceTree = "<group>"; };
		479209A325FDCABA00E45E6E /* LSLabel.swift */ = {isa = PBXFileReference; lastKnownFileType = sourcecode.swift; path = LSLabel.swift; sourceTree = "<group>"; };
		479209A825FDD35A00E45E6E /* UIViewController+Ext.swift */ = {isa = PBXFileReference; lastKnownFileType = sourcecode.swift; path = "UIViewController+Ext.swift"; sourceTree = "<group>"; };
		479209AC25FDD97600E45E6E /* VideosVC.swift */ = {isa = PBXFileReference; lastKnownFileType = sourcecode.swift; path = VideosVC.swift; sourceTree = "<group>"; };
		479209B125FDDB8000E45E6E /* VideosVM.swift */ = {isa = PBXFileReference; lastKnownFileType = sourcecode.swift; path = VideosVM.swift; sourceTree = "<group>"; };
		479209B525FDDBE600E45E6E /* YoutubeLink.swift */ = {isa = PBXFileReference; lastKnownFileType = sourcecode.swift; path = YoutubeLink.swift; sourceTree = "<group>"; };
		479209B925FDE23800E45E6E /* VideoTableViewCell.swift */ = {isa = PBXFileReference; lastKnownFileType = sourcecode.swift; path = VideoTableViewCell.swift; sourceTree = "<group>"; };
		479209BD25FDE2FA00E45E6E /* LSTitleLabel.swift */ = {isa = PBXFileReference; lastKnownFileType = sourcecode.swift; path = LSTitleLabel.swift; sourceTree = "<group>"; };
		479209C125FDF26900E45E6E /* TestBookingsVC.swift */ = {isa = PBXFileReference; lastKnownFileType = sourcecode.swift; path = TestBookingsVC.swift; sourceTree = "<group>"; };
		479209C525FDF44400E45E6E /* TestBookingsVM.swift */ = {isa = PBXFileReference; lastKnownFileType = sourcecode.swift; path = TestBookingsVM.swift; sourceTree = "<group>"; };
		479209C825FDF48E00E45E6E /* WebPage.swift */ = {isa = PBXFileReference; lastKnownFileType = sourcecode.swift; path = WebPage.swift; sourceTree = "<group>"; };
		479209CC25FE229F00E45E6E /* ShowTellVC.swift */ = {isa = PBXFileReference; lastKnownFileType = sourcecode.swift; path = ShowTellVC.swift; sourceTree = "<group>"; };
		479209E825FE3CCD00E45E6E /* HeaderView.swift */ = {isa = PBXFileReference; lastKnownFileType = sourcecode.swift; path = HeaderView.swift; sourceTree = "<group>"; };
		479209EC25FE5C0600E45E6E /* ShowTellVM.swift */ = {isa = PBXFileReference; lastKnownFileType = sourcecode.swift; path = ShowTellVM.swift; sourceTree = "<group>"; };
		479209EF25FE616200E45E6E /* TellMeQuiz.swift */ = {isa = PBXFileReference; lastKnownFileType = sourcecode.swift; path = TellMeQuiz.swift; sourceTree = "<group>"; };
		479209F225FE635500E45E6E /* QuizTableViewCell.swift */ = {isa = PBXFileReference; lastKnownFileType = sourcecode.swift; path = QuizTableViewCell.swift; sourceTree = "<group>"; };
		47D9BF3E25FBBD3C0011CB69 /* No Ls Driving School.app */ = {isa = PBXFileReference; explicitFileType = wrapper.application; includeInIndex = 0; path = "No Ls Driving School.app"; sourceTree = BUILT_PRODUCTS_DIR; };
		47D9BF4125FBBD3C0011CB69 /* AppDelegate.swift */ = {isa = PBXFileReference; lastKnownFileType = sourcecode.swift; path = AppDelegate.swift; sourceTree = "<group>"; };
		47D9BF4325FBBD3C0011CB69 /* SceneDelegate.swift */ = {isa = PBXFileReference; lastKnownFileType = sourcecode.swift; path = SceneDelegate.swift; sourceTree = "<group>"; };
		47D9BF4A25FBBD3D0011CB69 /* Assets.xcassets */ = {isa = PBXFileReference; lastKnownFileType = folder.assetcatalog; path = Assets.xcassets; sourceTree = "<group>"; };
		47D9BF4D25FBBD3D0011CB69 /* Base */ = {isa = PBXFileReference; lastKnownFileType = file.storyboard; name = Base; path = Base.lproj/LaunchScreen.storyboard; sourceTree = "<group>"; };
		47D9BF4F25FBBD3D0011CB69 /* Info.plist */ = {isa = PBXFileReference; lastKnownFileType = text.plist.xml; path = Info.plist; sourceTree = "<group>"; };
		47D9BF7625FBC0620011CB69 /* LSTabBar.swift */ = {isa = PBXFileReference; lastKnownFileType = sourcecode.swift; path = LSTabBar.swift; sourceTree = "<group>"; };
		47D9BF7C25FBC0E80011CB69 /* HomeVC.swift */ = {isa = PBXFileReference; lastKnownFileType = sourcecode.swift; path = HomeVC.swift; sourceTree = "<group>"; };
		47D9BF8025FBC1020011CB69 /* ReviewsVC.swift */ = {isa = PBXFileReference; lastKnownFileType = sourcecode.swift; path = ReviewsVC.swift; sourceTree = "<group>"; };
		47D9BF8325FBC11B0011CB69 /* ContactsVC.swift */ = {isa = PBXFileReference; lastKnownFileType = sourcecode.swift; path = ContactsVC.swift; sourceTree = "<group>"; };
		47D9BF8725FBC3940011CB69 /* Constants.swift */ = {isa = PBXFileReference; lastKnownFileType = sourcecode.swift; path = Constants.swift; sourceTree = "<group>"; };
		47D9BF8C25FBC7040011CB69 /* UIView+Ext.swift */ = {isa = PBXFileReference; lastKnownFileType = sourcecode.swift; path = "UIView+Ext.swift"; sourceTree = "<group>"; };
		47D9BF9025FBC95A0011CB69 /* LSImageView.swift */ = {isa = PBXFileReference; lastKnownFileType = sourcecode.swift; path = LSImageView.swift; sourceTree = "<group>"; };
		47D9BF9525FBCC450011CB69 /* LSButton.swift */ = {isa = PBXFileReference; lastKnownFileType = sourcecode.swift; path = LSButton.swift; sourceTree = "<group>"; };
		47D9BF9D25FBD3AF0011CB69 /* TheoryVC.swift */ = {isa = PBXFileReference; lastKnownFileType = sourcecode.swift; path = TheoryVC.swift; sourceTree = "<group>"; };
/* End PBXFileReference section */

/* Begin PBXFrameworksBuildPhase section */
		47D9BF3B25FBBD3C0011CB69 /* Frameworks */ = {
			isa = PBXFrameworksBuildPhase;
			buildActionMask = 2147483647;
			files = (
			);
			runOnlyForDeploymentPostprocessing = 0;
		};
/* End PBXFrameworksBuildPhase section */

/* Begin PBXGroup section */
		47066FD925FFB5C3008D45EA /* Models */ = {
			isa = PBXGroup;
			children = (
				479209B525FDDBE600E45E6E /* YoutubeLink.swift */,
				479209C825FDF48E00E45E6E /* WebPage.swift */,
				479209EF25FE616200E45E6E /* TellMeQuiz.swift */,
			);
			path = Models;
			sourceTree = "<group>";
		};
		47066FDA25FFB5DB008D45EA /* Custom Views */ = {
			isa = PBXGroup;
			children = (
				47066FDF25FFB62E008D45EA /* Tab Bar */,
				47066FDD25FFB618008D45EA /* Image Views */,
				47066FDC25FFB607008D45EA /* Buttons */,
				47066FDB25FFB5F7008D45EA /* Labels */,
			);
			path = "Custom Views";
			sourceTree = "<group>";
		};
		47066FDB25FFB5F7008D45EA /* Labels */ = {
			isa = PBXGroup;
			children = (
				479209BD25FDE2FA00E45E6E /* LSTitleLabel.swift */,
				479209A325FDCABA00E45E6E /* LSLabel.swift */,
			);
			path = Labels;
			sourceTree = "<group>";
		};
		47066FDC25FFB607008D45EA /* Buttons */ = {
			isa = PBXGroup;
			children = (
				47D9BF9525FBCC450011CB69 /* LSButton.swift */,
			);
			path = Buttons;
			sourceTree = "<group>";
		};
		47066FDD25FFB618008D45EA /* Image Views */ = {
			isa = PBXGroup;
			children = (
				47D9BF9025FBC95A0011CB69 /* LSImageView.swift */,
			);
			path = "Image Views";
			sourceTree = "<group>";
		};
		47066FDF25FFB62E008D45EA /* Tab Bar */ = {
			isa = PBXGroup;
			children = (
				47D9BF7625FBC0620011CB69 /* LSTabBar.swift */,
			);
			path = "Tab Bar";
			sourceTree = "<group>";
		};
		47066FE025FFB648008D45EA /* View Models */ = {
			isa = PBXGroup;
			children = (
				479209B125FDDB8000E45E6E /* VideosVM.swift */,
				479209C525FDF44400E45E6E /* TestBookingsVM.swift */,
				479209EC25FE5C0600E45E6E /* ShowTellVM.swift */,
			);
			path = "View Models";
			sourceTree = "<group>";
		};
		47066FE325FFB698008D45EA /* Scenes */ = {
			isa = PBXGroup;
			children = (
				47066FE425FFB6AB008D45EA /* Home Scene */,
				47066FE525FFB6B2008D45EA /* Reviews Scene */,
				47066FE625FFB6C0008D45EA /* Contact Scene */,
			);
			path = Scenes;
			sourceTree = "<group>";
		};
		47066FE425FFB6AB008D45EA /* Home Scene */ = {
			isa = PBXGroup;
			children = (
				47066FE925FFB70F008D45EA /* Custom Views */,
				47066FEF25FFB780008D45EA /* Videos */,
				47066FED25FFB740008D45EA /* Home */,
				47066FEE25FFB756008D45EA /* Theory */,
				47066FF025FFB7B8008D45EA /* Test Bookings */,
				47066FF125FFB7DB008D45EA /* ShowTell */,
			);
			path = "Home Scene";
			sourceTree = "<group>";
		};
		47066FE525FFB6B2008D45EA /* Reviews Scene */ = {
			isa = PBXGroup;
			children = (
				47066FE725FFB6D5008D45EA /* Reviews */,
			);
			path = "Reviews Scene";
			sourceTree = "<group>";
		};
		47066FE625FFB6C0008D45EA /* Contact Scene */ = {
			isa = PBXGroup;
			children = (
				47066FE825FFB6EF008D45EA /* Contacts */,
			);
			path = "Contact Scene";
			sourceTree = "<group>";
		};
		47066FE725FFB6D5008D45EA /* Reviews */ = {
			isa = PBXGroup;
			children = (
				47D9BF8025FBC1020011CB69 /* ReviewsVC.swift */,
			);
			path = Reviews;
			sourceTree = "<group>";
		};
		47066FE825FFB6EF008D45EA /* Contacts */ = {
			isa = PBXGroup;
			children = (
				47D9BF8325FBC11B0011CB69 /* ContactsVC.swift */,
			);
			path = Contacts;
			sourceTree = "<group>";
		};
		47066FE925FFB70F008D45EA /* Custom Views */ = {
			isa = PBXGroup;
			children = (
				47066FEA25FFB71A008D45EA /* Headers */,
				47066FEB25FFB721008D45EA /* Cells */,
			);
			path = "Custom Views";
			sourceTree = "<group>";
		};
		47066FEA25FFB71A008D45EA /* Headers */ = {
			isa = PBXGroup;
			children = (
				479209E825FE3CCD00E45E6E /* HeaderView.swift */,
			);
			path = Headers;
			sourceTree = "<group>";
		};
		47066FEB25FFB721008D45EA /* Cells */ = {
			isa = PBXGroup;
			children = (
				479209B925FDE23800E45E6E /* VideoTableViewCell.swift */,
				479209F225FE635500E45E6E /* QuizTableViewCell.swift */,
			);
			path = Cells;
			sourceTree = "<group>";
		};
		47066FED25FFB740008D45EA /* Home */ = {
			isa = PBXGroup;
			children = (
				47D9BF7C25FBC0E80011CB69 /* HomeVC.swift */,
			);
			path = Home;
			sourceTree = "<group>";
		};
		47066FEE25FFB756008D45EA /* Theory */ = {
			isa = PBXGroup;
			children = (
				47D9BF9D25FBD3AF0011CB69 /* TheoryVC.swift */,
			);
			path = Theory;
			sourceTree = "<group>";
		};
		47066FEF25FFB780008D45EA /* Videos */ = {
			isa = PBXGroup;
			children = (
				479209AC25FDD97600E45E6E /* VideosVC.swift */,
			);
			path = Videos;
			sourceTree = "<group>";
		};
		47066FF025FFB7B8008D45EA /* Test Bookings */ = {
			isa = PBXGroup;
			children = (
				479209C125FDF26900E45E6E /* TestBookingsVC.swift */,
			);
			path = "Test Bookings";
			sourceTree = "<group>";
		};
		47066FF125FFB7DB008D45EA /* ShowTell */ = {
			isa = PBXGroup;
			children = (
				479209CC25FE229F00E45E6E /* ShowTellVC.swift */,
			);
			path = ShowTell;
			sourceTree = "<group>";
		};
		47066FF425FFB839008D45EA /* Extensions */ = {
			isa = PBXGroup;
			children = (
				47D9BF8C25FBC7040011CB69 /* UIView+Ext.swift */,
				4792099F25FDC9BA00E45E6E /* UIColor+Ext.swift */,
				479209A825FDD35A00E45E6E /* UIViewController+Ext.swift */,
			);
			path = Extensions;
			sourceTree = "<group>";
		};
		47066FF525FFB84E008D45EA /* Constants */ = {
			isa = PBXGroup;
			children = (
				47D9BF8725FBC3940011CB69 /* Constants.swift */,
			);
			path = Constants;
			sourceTree = "<group>";
		};
		47D9BF3525FBBD3C0011CB69 = {
			isa = PBXGroup;
			children = (
				47D9BF4025FBBD3C0011CB69 /* No Ls Driving School */,
				47D9BF3F25FBBD3C0011CB69 /* Products */,
			);
			sourceTree = "<group>";
		};
		47D9BF3F25FBBD3C0011CB69 /* Products */ = {
			isa = PBXGroup;
			children = (
				47D9BF3E25FBBD3C0011CB69 /* No Ls Driving School.app */,
			);
			name = Products;
			sourceTree = "<group>";
		};
		47D9BF4025FBBD3C0011CB69 /* No Ls Driving School */ = {
			isa = PBXGroup;
			children = (
				47066FD925FFB5C3008D45EA /* Models */,
				47066FDA25FFB5DB008D45EA /* Custom Views */,
				47066FE025FFB648008D45EA /* View Models */,
				47066FE325FFB698008D45EA /* Scenes */,
				47066FF425FFB839008D45EA /* Extensions */,
				47066FF525FFB84E008D45EA /* Constants */,
				47D9BF6E25FBBF400011CB69 /* Support Files */,
			);
			path = "No Ls Driving School";
			sourceTree = "<group>";
		};
		47D9BF6E25FBBF400011CB69 /* Support Files */ = {
			isa = PBXGroup;
			children = (
				47D9BF4125FBBD3C0011CB69 /* AppDelegate.swift */,
				47D9BF4325FBBD3C0011CB69 /* SceneDelegate.swift */,
				47D9BF4A25FBBD3D0011CB69 /* Assets.xcassets */,
				47D9BF4C25FBBD3D0011CB69 /* LaunchScreen.storyboard */,
				47D9BF4F25FBBD3D0011CB69 /* Info.plist */,
			);
			name = "Support Files";
			sourceTree = "<group>";
		};
/* End PBXGroup section */

/* Begin PBXNativeTarget section */
		47D9BF3D25FBBD3C0011CB69 /* No Ls Driving School */ = {
			isa = PBXNativeTarget;
			buildConfigurationList = 47D9BF5225FBBD3D0011CB69 /* Build configuration list for PBXNativeTarget "No Ls Driving School" */;
			buildPhases = (
				47D9BF3A25FBBD3C0011CB69 /* Sources */,
				47D9BF3B25FBBD3C0011CB69 /* Frameworks */,
				47D9BF3C25FBBD3C0011CB69 /* Resources */,
			);
			buildRules = (
			);
			dependencies = (
			);
			name = "No Ls Driving School";
			productName = "No Ls Driving School";
			productReference = 47D9BF3E25FBBD3C0011CB69 /* No Ls Driving School.app */;
			productType = "com.apple.product-type.application";
		};
/* End PBXNativeTarget section */

/* Begin PBXProject section */
		47D9BF3625FBBD3C0011CB69 /* Project object */ = {
			isa = PBXProject;
			attributes = {
				LastSwiftUpdateCheck = 1230;
				LastUpgradeCheck = 1230;
				TargetAttributes = {
					47D9BF3D25FBBD3C0011CB69 = {
						CreatedOnToolsVersion = 12.3;
					};
				};
			};
			buildConfigurationList = 47D9BF3925FBBD3C0011CB69 /* Build configuration list for PBXProject "No Ls Driving School" */;
			compatibilityVersion = "Xcode 9.3";
			developmentRegion = en;
			hasScannedForEncodings = 0;
			knownRegions = (
				en,
				Base,
			);
			mainGroup = 47D9BF3525FBBD3C0011CB69;
			productRefGroup = 47D9BF3F25FBBD3C0011CB69 /* Products */;
			projectDirPath = "";
			projectRoot = "";
			targets = (
				47D9BF3D25FBBD3C0011CB69 /* No Ls Driving School */,
			);
		};
/* End PBXProject section */

/* Begin PBXResourcesBuildPhase section */
		47D9BF3C25FBBD3C0011CB69 /* Resources */ = {
			isa = PBXResourcesBuildPhase;
			buildActionMask = 2147483647;
			files = (
				47D9BF4E25FBBD3D0011CB69 /* LaunchScreen.storyboard in Resources */,
				47D9BF4B25FBBD3D0011CB69 /* Assets.xcassets in Resources */,
			);
			runOnlyForDeploymentPostprocessing = 0;
		};
/* End PBXResourcesBuildPhase section */

/* Begin PBXSourcesBuildPhase section */
		47D9BF3A25FBBD3C0011CB69 /* Sources */ = {
			isa = PBXSourcesBuildPhase;
			buildActionMask = 2147483647;
			files = (
				479209ED25FE5C0600E45E6E /* ShowTellVM.swift in Sources */,
				479209C225FDF26900E45E6E /* TestBookingsVC.swift in Sources */,
				47D9BF9125FBC95A0011CB69 /* LSImageView.swift in Sources */,
				479209CD25FE229F00E45E6E /* ShowTellVC.swift in Sources */,
				47D9BF8D25FBC7040011CB69 /* UIView+Ext.swift in Sources */,
				479209A925FDD35A00E45E6E /* UIViewController+Ext.swift in Sources */,
				47D9BF4225FBBD3C0011CB69 /* AppDelegate.swift in Sources */,
				479209C925FDF48E00E45E6E /* WebPage.swift in Sources */,
				479209E925FE3CCD00E45E6E /* HeaderView.swift in Sources */,
				47D9BF8125FBC1020011CB69 /* ReviewsVC.swift in Sources */,
				479209BE25FDE2FA00E45E6E /* LSTitleLabel.swift in Sources */,
				479209B625FDDBE600E45E6E /* YoutubeLink.swift in Sources */,
				47D9BF9625FBCC450011CB69 /* LSButton.swift in Sources */,
				479209B225FDDB8000E45E6E /* VideosVM.swift in Sources */,
				47D9BF7D25FBC0E80011CB69 /* HomeVC.swift in Sources */,
				47D9BF9E25FBD3AF0011CB69 /* TheoryVC.swift in Sources */,
				47D9BF4425FBBD3C0011CB69 /* SceneDelegate.swift in Sources */,
				479209F325FE635500E45E6E /* QuizTableViewCell.swift in Sources */,
				479209A425FDCABA00E45E6E /* LSLabel.swift in Sources */,
				47D9BF8825FBC3940011CB69 /* Constants.swift in Sources */,
				479209AD25FDD97600E45E6E /* VideosVC.swift in Sources */,
				479209A025FDC9BA00E45E6E /* UIColor+Ext.swift in Sources */,
				47D9BF7725FBC0620011CB69 /* LSTabBar.swift in Sources */,
				47D9BF8425FBC11B0011CB69 /* ContactsVC.swift in Sources */,
				479209F025FE616200E45E6E /* TellMeQuiz.swift in Sources */,
				479209C625FDF44400E45E6E /* TestBookingsVM.swift in Sources */,
				479209BA25FDE23800E45E6E /* VideoTableViewCell.swift in Sources */,
			);
			runOnlyForDeploymentPostprocessing = 0;
		};
/* End PBXSourcesBuildPhase section */

/* Begin PBXVariantGroup section */
		47D9BF4C25FBBD3D0011CB69 /* LaunchScreen.storyboard */ = {
			isa = PBXVariantGroup;
			children = (
				47D9BF4D25FBBD3D0011CB69 /* Base */,
			);
			name = LaunchScreen.storyboard;
			sourceTree = "<group>";
		};
/* End PBXVariantGroup section */

/* Begin XCBuildConfiguration section */
		47D9BF5025FBBD3D0011CB69 /* Debug */ = {
			isa = XCBuildConfiguration;
			buildSettings = {
				ALWAYS_SEARCH_USER_PATHS = NO;
				CLANG_ANALYZER_NONNULL = YES;
				CLANG_ANALYZER_NUMBER_OBJECT_CONVERSION = YES_AGGRESSIVE;
				CLANG_CXX_LANGUAGE_STANDARD = "gnu++14";
				CLANG_CXX_LIBRARY = "libc++";
				CLANG_ENABLE_MODULES = YES;
				CLANG_ENABLE_OBJC_ARC = YES;
				CLANG_ENABLE_OBJC_WEAK = YES;
				CLANG_WARN_BLOCK_CAPTURE_AUTORELEASING = YES;
				CLANG_WARN_BOOL_CONVERSION = YES;
				CLANG_WARN_COMMA = YES;
				CLANG_WARN_CONSTANT_CONVERSION = YES;
				CLANG_WARN_DEPRECATED_OBJC_IMPLEMENTATIONS = YES;
				CLANG_WARN_DIRECT_OBJC_ISA_USAGE = YES_ERROR;
				CLANG_WARN_DOCUMENTATION_COMMENTS = YES;
				CLANG_WARN_EMPTY_BODY = YES;
				CLANG_WARN_ENUM_CONVERSION = YES;
				CLANG_WARN_INFINITE_RECURSION = YES;
				CLANG_WARN_INT_CONVERSION = YES;
				CLANG_WARN_NON_LITERAL_NULL_CONVERSION = YES;
				CLANG_WARN_OBJC_IMPLICIT_RETAIN_SELF = YES;
				CLANG_WARN_OBJC_LITERAL_CONVERSION = YES;
				CLANG_WARN_OBJC_ROOT_CLASS = YES_ERROR;
				CLANG_WARN_QUOTED_INCLUDE_IN_FRAMEWORK_HEADER = YES;
				CLANG_WARN_RANGE_LOOP_ANALYSIS = YES;
				CLANG_WARN_STRICT_PROTOTYPES = YES;
				CLANG_WARN_SUSPICIOUS_MOVE = YES;
				CLANG_WARN_UNGUARDED_AVAILABILITY = YES_AGGRESSIVE;
				CLANG_WARN_UNREACHABLE_CODE = YES;
				CLANG_WARN__DUPLICATE_METHOD_MATCH = YES;
				COPY_PHASE_STRIP = NO;
				DEBUG_INFORMATION_FORMAT = dwarf;
				ENABLE_STRICT_OBJC_MSGSEND = YES;
				ENABLE_TESTABILITY = YES;
				GCC_C_LANGUAGE_STANDARD = gnu11;
				GCC_DYNAMIC_NO_PIC = NO;
				GCC_NO_COMMON_BLOCKS = YES;
				GCC_OPTIMIZATION_LEVEL = 0;
				GCC_PREPROCESSOR_DEFINITIONS = (
					"DEBUG=1",
					"$(inherited)",
				);
				GCC_WARN_64_TO_32_BIT_CONVERSION = YES;
				GCC_WARN_ABOUT_RETURN_TYPE = YES_ERROR;
				GCC_WARN_UNDECLARED_SELECTOR = YES;
				GCC_WARN_UNINITIALIZED_AUTOS = YES_AGGRESSIVE;
				GCC_WARN_UNUSED_FUNCTION = YES;
				GCC_WARN_UNUSED_VARIABLE = YES;
				IPHONEOS_DEPLOYMENT_TARGET = 14.3;
				MTL_ENABLE_DEBUG_INFO = INCLUDE_SOURCE;
				MTL_FAST_MATH = YES;
				ONLY_ACTIVE_ARCH = YES;
				SDKROOT = iphoneos;
				SWIFT_ACTIVE_COMPILATION_CONDITIONS = DEBUG;
				SWIFT_OPTIMIZATION_LEVEL = "-Onone";
			};
			name = Debug;
		};
		47D9BF5125FBBD3D0011CB69 /* Release */ = {
			isa = XCBuildConfiguration;
			buildSettings = {
				ALWAYS_SEARCH_USER_PATHS = NO;
				CLANG_ANALYZER_NONNULL = YES;
				CLANG_ANALYZER_NUMBER_OBJECT_CONVERSION = YES_AGGRESSIVE;
				CLANG_CXX_LANGUAGE_STANDARD = "gnu++14";
				CLANG_CXX_LIBRARY = "libc++";
				CLANG_ENABLE_MODULES = YES;
				CLANG_ENABLE_OBJC_ARC = YES;
				CLANG_ENABLE_OBJC_WEAK = YES;
				CLANG_WARN_BLOCK_CAPTURE_AUTORELEASING = YES;
				CLANG_WARN_BOOL_CONVERSION = YES;
				CLANG_WARN_COMMA = YES;
				CLANG_WARN_CONSTANT_CONVERSION = YES;
				CLANG_WARN_DEPRECATED_OBJC_IMPLEMENTATIONS = YES;
				CLANG_WARN_DIRECT_OBJC_ISA_USAGE = YES_ERROR;
				CLANG_WARN_DOCUMENTATION_COMMENTS = YES;
				CLANG_WARN_EMPTY_BODY = YES;
				CLANG_WARN_ENUM_CONVERSION = YES;
				CLANG_WARN_INFINITE_RECURSION = YES;
				CLANG_WARN_INT_CONVERSION = YES;
				CLANG_WARN_NON_LITERAL_NULL_CONVERSION = YES;
				CLANG_WARN_OBJC_IMPLICIT_RETAIN_SELF = YES;
				CLANG_WARN_OBJC_LITERAL_CONVERSION = YES;
				CLANG_WARN_OBJC_ROOT_CLASS = YES_ERROR;
				CLANG_WARN_QUOTED_INCLUDE_IN_FRAMEWORK_HEADER = YES;
				CLANG_WARN_RANGE_LOOP_ANALYSIS = YES;
				CLANG_WARN_STRICT_PROTOTYPES = YES;
				CLANG_WARN_SUSPICIOUS_MOVE = YES;
				CLANG_WARN_UNGUARDED_AVAILABILITY = YES_AGGRESSIVE;
				CLANG_WARN_UNREACHABLE_CODE = YES;
				CLANG_WARN__DUPLICATE_METHOD_MATCH = YES;
				COPY_PHASE_STRIP = NO;
				DEBUG_INFORMATION_FORMAT = "dwarf-with-dsym";
				ENABLE_NS_ASSERTIONS = NO;
				ENABLE_STRICT_OBJC_MSGSEND = YES;
				GCC_C_LANGUAGE_STANDARD = gnu11;
				GCC_NO_COMMON_BLOCKS = YES;
				GCC_WARN_64_TO_32_BIT_CONVERSION = YES;
				GCC_WARN_ABOUT_RETURN_TYPE = YES_ERROR;
				GCC_WARN_UNDECLARED_SELECTOR = YES;
				GCC_WARN_UNINITIALIZED_AUTOS = YES_AGGRESSIVE;
				GCC_WARN_UNUSED_FUNCTION = YES;
				GCC_WARN_UNUSED_VARIABLE = YES;
				IPHONEOS_DEPLOYMENT_TARGET = 14.3;
				MTL_ENABLE_DEBUG_INFO = NO;
				MTL_FAST_MATH = YES;
				SDKROOT = iphoneos;
				SWIFT_COMPILATION_MODE = wholemodule;
				SWIFT_OPTIMIZATION_LEVEL = "-O";
				VALIDATE_PRODUCT = YES;
			};
			name = Release;
		};
		47D9BF5325FBBD3D0011CB69 /* Debug */ = {
			isa = XCBuildConfiguration;
			buildSettings = {
				ASSETCATALOG_COMPILER_APPICON_NAME = AppIcon;
				ASSETCATALOG_COMPILER_GLOBAL_ACCENT_COLOR_NAME = AccentColor;
				CODE_SIGN_STYLE = Automatic;
				DEVELOPMENT_TEAM = LSGHXKQFLB;
				INFOPLIST_FILE = "No Ls Driving School/Info.plist";
				LD_RUNPATH_SEARCH_PATHS = (
					"$(inherited)",
					"@executable_path/Frameworks",
				);
				PRODUCT_BUNDLE_IDENTIFIER = "com.castleCode.No-Ls-Driving-School";
				PRODUCT_NAME = "$(TARGET_NAME)";
				SWIFT_VERSION = 5.0;
				TARGETED_DEVICE_FAMILY = 1;
			};
			name = Debug;
		};
		47D9BF5425FBBD3D0011CB69 /* Release */ = {
			isa = XCBuildConfiguration;
			buildSettings = {
				ASSETCATALOG_COMPILER_APPICON_NAME = AppIcon;
				ASSETCATALOG_COMPILER_GLOBAL_ACCENT_COLOR_NAME = AccentColor;
				CODE_SIGN_STYLE = Automatic;
				DEVELOPMENT_TEAM = LSGHXKQFLB;
				INFOPLIST_FILE = "No Ls Driving School/Info.plist";
				LD_RUNPATH_SEARCH_PATHS = (
					"$(inherited)",
					"@executable_path/Frameworks",
				);
				PRODUCT_BUNDLE_IDENTIFIER = "com.castleCode.No-Ls-Driving-School";
				PRODUCT_NAME = "$(TARGET_NAME)";
				SWIFT_VERSION = 5.0;
				TARGETED_DEVICE_FAMILY = 1;
			};
			name = Release;
		};
/* End XCBuildConfiguration section */

/* Begin XCConfigurationList section */
		47D9BF3925FBBD3C0011CB69 /* Build configuration list for PBXProject "No Ls Driving School" */ = {
			isa = XCConfigurationList;
			buildConfigurations = (
				47D9BF5025FBBD3D0011CB69 /* Debug */,
				47D9BF5125FBBD3D0011CB69 /* Release */,
			);
			defaultConfigurationIsVisible = 0;
			defaultConfigurationName = Release;
		};
		47D9BF5225FBBD3D0011CB69 /* Build configuration list for PBXNativeTarget "No Ls Driving School" */ = {
			isa = XCConfigurationList;
			buildConfigurations = (
				47D9BF5325FBBD3D0011CB69 /* Debug */,
				47D9BF5425FBBD3D0011CB69 /* Release */,
			);
			defaultConfigurationIsVisible = 0;
			defaultConfigurationName = Release;
		};
/* End XCConfigurationList section */
	};
	rootObject = 47D9BF3625FBBD3C0011CB69 /* Project object */;
}
